
Microsoft Visual Studio Solution File, Format Version 12.00
# Visual Studio Version 16
VisualStudioVersion = 16.0.30104.148
MinimumVisualStudioVersion = 10.0.40219.1
Project("{FAE04EC0-301F-11D3-BF4B-00C04F79EFBC}") = "StartApp.Api", "StartApp\StartApp.Api.csproj", "{9CD70C56-0FCB-454F-9223-D828E1EEF145}"
EndProject
Project("{FAE04EC0-301F-11D3-BF4B-00C04F79EFBC}") = "StartApp.Model", "StartAppModel\StartApp.Model.csproj", "{636B8187-51D8-42E9-B8B1-BB7171CF7181}"
EndProject
Project("{FAE04EC0-301F-11D3-BF4B-00C04F79EFBC}") = "StartApp.Design", "StartApp.Design\StartApp.Design.csproj", "{B9119997-F40A-495A-8F42-E9964366B4F4}"
EndProject
Project("{FAE04EC0-301F-11D3-BF4B-00C04F79EFBC}") = "StartApp.Cms", "StartApp.Cms\StartApp.Cms.csproj", "{4E52DF10-4694-491A-8DC6-F963303FC56A}"
EndProject
Project("{E24C65DC-7377-472B-9ABA-BC803B73C61A}") = "StartApp.Site", "StartApp.Site\", "{88B8E55B-56FB-4579-A899-8A5A78F74C69}"
	ProjectSection(WebsiteProperties) = preProject
		TargetFrameworkMoniker = ".NETFramework,Version%3Dv4.0"
		Debug.AspNetCompiler.VirtualPath = "/localhost_63071"
		Debug.AspNetCompiler.PhysicalPath = "StartApp.Site\"
		Debug.AspNetCompiler.TargetPath = "PrecompiledWeb\localhost_63071\"
		Debug.AspNetCompiler.Updateable = "true"
		Debug.AspNetCompiler.ForceOverwrite = "true"
		Debug.AspNetCompiler.FixedNames = "false"
		Debug.AspNetCompiler.Debug = "True"
		Release.AspNetCompiler.VirtualPath = "/localhost_63071"
		Release.AspNetCompiler.PhysicalPath = "StartApp.Site\"
		Release.AspNetCompiler.TargetPath = "PrecompiledWeb\localhost_63071\"
		Release.AspNetCompiler.Updateable = "true"
		Release.AspNetCompiler.ForceOverwrite = "true"
		Release.AspNetCompiler.FixedNames = "false"
		Release.AspNetCompiler.Debug = "False"
		VWDPort = "63071"
		SlnRelativePath = "StartApp.Site\"
	EndProjectSection
EndProject
Project("{FAE04EC0-301F-11D3-BF4B-00C04F79EFBC}") = "SourcePlaces", "SourcePlaces\SourcePlaces.csproj", "{EC0803FA-D0AF-4D2B-A174-9233A7129164}"
EndProject
Project("{FAE04EC0-301F-11D3-BF4B-00C04F79EFBC}") = "StartApp.Console", "StartApp.Console\StartApp.Console.csproj", "{C2D08959-FFA6-476D-BCCA-02932F660A86}"
EndProject
Global
	GlobalSection(SolutionConfigurationPlatforms) = preSolution
		Debug|Any CPU = Debug|Any CPU
		Release|Any CPU = Release|Any CPU
	EndGlobalSection
	GlobalSection(ProjectConfigurationPlatforms) = postSolution
		{9CD70C56-0FCB-454F-9223-D828E1EEF145}.Debug|Any CPU.ActiveCfg = Debug|Any CPU
		{9CD70C56-0FCB-454F-9223-D828E1EEF145}.Debug|Any CPU.Build.0 = Debug|Any CPU
		{9CD70C56-0FCB-454F-9223-D828E1EEF145}.Release|Any CPU.ActiveCfg = Release|Any CPU
		{9CD70C56-0FCB-454F-9223-D828E1EEF145}.Release|Any CPU.Build.0 = Release|Any CPU
		{636B8187-51D8-42E9-B8B1-BB7171CF7181}.Debug|Any CPU.ActiveCfg = Debug|Any CPU
		{636B8187-51D8-42E9-B8B1-BB7171CF7181}.Debug|Any CPU.Build.0 = Debug|Any CPU
		{636B8187-51D8-42E9-B8B1-BB7171CF7181}.Release|Any CPU.ActiveCfg = Release|Any CPU
		{636B8187-51D8-42E9-B8B1-BB7171CF7181}.Release|Any CPU.Build.0 = Release|Any CPU
		{B9119997-F40A-495A-8F42-E9964366B4F4}.Debug|Any CPU.ActiveCfg = Debug|Any CPU
		{B9119997-F40A-495A-8F42-E9964366B4F4}.Debug|Any CPU.Build.0 = Debug|Any CPU
		{B9119997-F40A-495A-8F42-E9964366B4F4}.Release|Any CPU.ActiveCfg = Release|Any CPU
		{B9119997-F40A-495A-8F42-E9964366B4F4}.Release|Any CPU.Build.0 = Release|Any CPU
		{4E52DF10-4694-491A-8DC6-F963303FC56A}.Debug|Any CPU.ActiveCfg = Debug|Any CPU
		{4E52DF10-4694-491A-8DC6-F963303FC56A}.Debug|Any CPU.Build.0 = Debug|Any CPU
		{4E52DF10-4694-491A-8DC6-F963303FC56A}.Release|Any CPU.ActiveCfg = Release|Any CPU
		{4E52DF10-4694-491A-8DC6-F963303FC56A}.Release|Any CPU.Build.0 = Release|Any CPU
		{88B8E55B-56FB-4579-A899-8A5A78F74C69}.Debug|Any CPU.ActiveCfg = Debug|Any CPU
		{88B8E55B-56FB-4579-A899-8A5A78F74C69}.Debug|Any CPU.Build.0 = Debug|Any CPU
		{88B8E55B-56FB-4579-A899-8A5A78F74C69}.Release|Any CPU.ActiveCfg = Debug|Any CPU
		{88B8E55B-56FB-4579-A899-8A5A78F74C69}.Release|Any CPU.Build.0 = Debug|Any CPU
		{EC0803FA-D0AF-4D2B-A174-9233A7129164}.Debug|Any CPU.ActiveCfg = Debug|Any CPU
		{EC0803FA-D0AF-4D2B-A174-9233A7129164}.Debug|Any CPU.Build.0 = Debug|Any CPU
		{EC0803FA-D0AF-4D2B-A174-9233A7129164}.Release|Any CPU.ActiveCfg = Release|Any CPU
		{EC0803FA-D0AF-4D2B-A174-9233A7129164}.Release|Any CPU.Build.0 = Release|Any CPU
		{C2D08959-FFA6-476D-BCCA-02932F660A86}.Debug|Any CPU.ActiveCfg = Debug|Any CPU
		{C2D08959-FFA6-476D-BCCA-02932F660A86}.Debug|Any CPU.Build.0 = Debug|Any CPU
		{C2D08959-FFA6-476D-BCCA-02932F660A86}.Release|Any CPU.ActiveCfg = Release|Any CPU
		{C2D08959-FFA6-476D-BCCA-02932F660A86}.Release|Any CPU.Build.0 = Release|Any CPU
	EndGlobalSection
	GlobalSection(SolutionProperties) = preSolution
		HideSolutionNode = FALSE
	EndGlobalSection
	GlobalSection(ExtensibilityGlobals) = postSolution
		SolutionGuid = {CEE870FD-D9A6-42E5-A58E-379ED74FC1B4}
	EndGlobalSection
EndGlobal
